// !$*UTF8*$!
{
	archiveVersion = 1;
	classes = {
	};
	objectVersion = 42;
	objects = {

/* Begin PBXBuildFile section */
		074FC03F0820E41200ABE399 /* Carbon.framework in Frameworks */ = {isa = PBXBuildFile; fileRef = 074FC03E0820E41200ABE399 /* Carbon.framework */; };
		07814E9407F061680046C294 /* GrowlPreferences.m in Sources */ = {isa = PBXBuildFile; fileRef = 07A3BE9907F01E6900973BFB /* GrowlPreferences.m */; };
		07A3BD8A07F01A7C00973BFB /* Cocoa.framework in Frameworks */ = {isa = PBXBuildFile; fileRef = 07A3BD8907F01A7C00973BFB /* Cocoa.framework */; };
		8DD76F9A0486AA7600D96B5E /* growlctl.m in Sources */ = {isa = PBXBuildFile; fileRef = 08FB7796FE84155DC02AAC07 /* growlctl.m */; settings = {ATTRIBUTES = (); }; };
		9580F7FD0812D54D008FD3BC /* GrowlPathUtil.m in Sources */ = {isa = PBXBuildFile; fileRef = 9580F7FB0812D54D008FD3BC /* GrowlPathUtil.m */; };
/* End PBXBuildFile section */

/* Begin PBXBuildStyle section */
		014CEA4F0018CE4811CA2923 /* Development */ = {
			isa = PBXBuildStyle;
			buildSettings = {
				COPY_PHASE_STRIP = NO;
				GCC_DYNAMIC_NO_PIC = NO;
				GCC_ENABLE_FIX_AND_CONTINUE = YES;
				GCC_GENERATE_DEBUGGING_SYMBOLS = YES;
				GCC_OPTIMIZATION_LEVEL = 0;
				GCC_WARN_UNINITIALIZED_AUTOS = NO;
				MACOSX_DEPLOYMENT_TARGET = 10.3;
			};
			name = Development;
		};
		014CEA500018CE4811CA2923 /* Deployment */ = {
			isa = PBXBuildStyle;
			buildSettings = {
				COPY_PHASE_STRIP = YES;
				DEAD_CODE_STRIPPING = YES;
				DEPLOYMENT_POSTPROCESSING = YES;
				GCC_ENABLE_FIX_AND_CONTINUE = NO;
				MACOSX_DEPLOYMENT_TARGET = 10.3;
				ZERO_LINK = NO;
			};
			name = Deployment;
		};
		95C359A107F45E34009E0EC2 /* Deployment - Tiger - G4 */ = {
			isa = PBXBuildStyle;
			buildSettings = {
				COPY_PHASE_STRIP = YES;
				DEAD_CODE_STRIPPING = YES;
				DEPLOYMENT_POSTPROCESSING = YES;
				GCC_DEBUGGING_SYMBOLS = full;
				GCC_DYNAMIC_NO_PIC = YES;
				GCC_ENABLE_FIX_AND_CONTINUE = NO;
				GCC_FAST_OBJC_DISPATCH = YES;
				GCC_MODEL_CPU = G4;
				MACOSX_DEPLOYMENT_TARGET = 10.4;
				PREBINDING = NO;
				ZERO_LINK = NO;
			};
			name = "Deployment - Tiger - G4";
		};
/* End PBXBuildStyle section */

/* Begin PBXFileReference section */
		074FC03E0820E41200ABE399 /* Carbon.framework */ = {isa = PBXFileReference; lastKnownFileType = wrapper.framework; name = Carbon.framework; path = /System/Library/Frameworks/Carbon.framework; sourceTree = "<absolute>"; };
		07A3BD8907F01A7C00973BFB /* Cocoa.framework */ = {isa = PBXFileReference; lastKnownFileType = wrapper.framework; name = Cocoa.framework; path = /System/Library/Frameworks/Cocoa.framework; sourceTree = "<absolute>"; };
		07A3BE9807F01E6900973BFB /* GrowlPreferences.h */ = {isa = PBXFileReference; fileEncoding = 4; lastKnownFileType = sourcecode.c.h; name = GrowlPreferences.h; path = Core/Source/GrowlPreferences.h; sourceTree = "<group>"; };
		07A3BE9907F01E6900973BFB /* GrowlPreferences.m */ = {isa = PBXFileReference; fileEncoding = 4; lastKnownFileType = sourcecode.c.objc; name = GrowlPreferences.m; path = Core/Source/GrowlPreferences.m; sourceTree = "<group>"; };
		07D943C00816E3F10089FA0E /* BuildDate.h */ = {isa = PBXFileReference; fileEncoding = 4; lastKnownFileType = sourcecode.c.h; path = BuildDate.h; sourceTree = "<group>"; };
		08FB7796FE84155DC02AAC07 /* growlctl.m */ = {isa = PBXFileReference; fileEncoding = 4; lastKnownFileType = sourcecode.c.objc; path = growlctl.m; sourceTree = "<group>"; };
		32A70AAB03705E1F00C91783 /* growlctl_Prefix.pch */ = {isa = PBXFileReference; fileEncoding = 4; lastKnownFileType = sourcecode.c.h; path = growlctl_Prefix.pch; sourceTree = "<group>"; };
		8DD76FA10486AA7600D96B5E /* growlctl */ = {isa = PBXFileReference; explicitFileType = "compiled.mach-o.executable"; includeInIndex = 0; path = growlctl; sourceTree = BUILT_PRODUCTS_DIR; };
		9580F7FA0812D54D008FD3BC /* GrowlPathUtil.h */ = {isa = PBXFileReference; fileEncoding = 30; lastKnownFileType = sourcecode.c.h; name = GrowlPathUtil.h; path = Common/Source/GrowlPathUtil.h; sourceTree = "<group>"; };
		9580F7FB0812D54D008FD3BC /* GrowlPathUtil.m */ = {isa = PBXFileReference; fileEncoding = 30; lastKnownFileType = sourcecode.c.objc; name = GrowlPathUtil.m; path = Common/Source/GrowlPathUtil.m; sourceTree = "<group>"; };
		C6859EA3029092ED04C91782 /* growlctl.1 */ = {isa = PBXFileReference; lastKnownFileType = text.man; path = growlctl.1; sourceTree = "<group>"; };
/* End PBXFileReference section */

/* Begin PBXFrameworksBuildPhase section */
		8DD76F9B0486AA7600D96B5E /* Frameworks */ = {
			isa = PBXFrameworksBuildPhase;
			buildActionMask = 2147483647;
			files = (
				07A3BD8A07F01A7C00973BFB /* Cocoa.framework in Frameworks */,
				074FC03F0820E41200ABE399 /* Carbon.framework in Frameworks */,
			);
			runOnlyForDeploymentPostprocessing = 0;
		};
/* End PBXFrameworksBuildPhase section */

/* Begin PBXGroup section */
		07A3BD6907F0199A00973BFB /* Growl */ = {
			isa = PBXGroup;
			children = (
				9580F7FA0812D54D008FD3BC /* GrowlPathUtil.h */,
				9580F7FB0812D54D008FD3BC /* GrowlPathUtil.m */,
				07A3BE9807F01E6900973BFB /* GrowlPreferences.h */,
				07A3BE9907F01E6900973BFB /* GrowlPreferences.m */,
			);
			name = Growl;
			path = ../..;
			sourceTree = SOURCE_ROOT;
		};
		08FB7794FE84155DC02AAC07 /* growlctl */ = {
			isa = PBXGroup;
			children = (
				08FB7795FE84155DC02AAC07 /* Source */,
				C6859EA2029092E104C91782 /* Documentation */,
				08FB779DFE84155DC02AAC07 /* External Frameworks and Libraries */,
				1AB674ADFE9D54B511CA2CBB /* Products */,
			);
			name = growlctl;
			sourceTree = "<group>";
		};
		08FB7795FE84155DC02AAC07 /* Source */ = {
			isa = PBXGroup;
			children = (
				07A3BD6907F0199A00973BFB /* Growl */,
				07D943C00816E3F10089FA0E /* BuildDate.h */,
				32A70AAB03705E1F00C91783 /* growlctl_Prefix.pch */,
				08FB7796FE84155DC02AAC07 /* growlctl.m */,
			);
			name = Source;
			sourceTree = "<group>";
		};
		08FB779DFE84155DC02AAC07 /* External Frameworks and Libraries */ = {
			isa = PBXGroup;
			children = (
				07A3BD8907F01A7C00973BFB /* Cocoa.framework */,
				074FC03E0820E41200ABE399 /* Carbon.framework */,
			);
			name = "External Frameworks and Libraries";
			sourceTree = "<group>";
		};
		1AB674ADFE9D54B511CA2CBB /* Products */ = {
			isa = PBXGroup;
			children = (
				8DD76FA10486AA7600D96B5E /* growlctl */,
			);
			name = Products;
			sourceTree = "<group>";
		};
		C6859EA2029092E104C91782 /* Documentation */ = {
			isa = PBXGroup;
			children = (
				C6859EA3029092ED04C91782 /* growlctl.1 */,
			);
			name = Documentation;
			sourceTree = "<group>";
		};
/* End PBXGroup section */

/* Begin PBXNativeTarget section */
		8DD76F960486AA7600D96B5E /* growlctl */ = {
			isa = PBXNativeTarget;
			buildConfigurationList = 95E4A2930855C0C3006B3F45 /* Build configuration list for PBXNativeTarget "growlctl" */;
			buildPhases = (
				07D943BC0816E3CE0089FA0E /* ShellScript */,
				8DD76F990486AA7600D96B5E /* Sources */,
				8DD76F9B0486AA7600D96B5E /* Frameworks */,
			);
			buildRules = (
			);
			buildSettings = {
				GCC_C_LANGUAGE_STANDARD = c99;
				GCC_PRECOMPILE_PREFIX_HEADER = YES;
				GCC_PREFIX_HEADER = growlctl_Prefix.pch;
				GCC_WARN_ABOUT_MISSING_PROTOTYPES = YES;
				GCC_WARN_ABOUT_RETURN_TYPE = YES;
				GCC_WARN_CHECK_SWITCH_STATEMENTS = YES;
				GCC_WARN_INITIALIZER_NOT_FULLY_BRACKETED = YES;
				GCC_WARN_MISSING_PARENTHESES = YES;
				GCC_WARN_SHADOW = YES;
				GCC_WARN_SIGN_COMPARE = YES;
				GCC_WARN_TYPECHECK_CALLS_TO_PRINTF = YES;
				GCC_WARN_UNINITIALIZED_AUTOS = YES;
				GCC_WARN_UNKNOWN_PRAGMAS = YES;
				GCC_WARN_UNUSED_FUNCTION = YES;
				GCC_WARN_UNUSED_LABEL = YES;
				GCC_WARN_UNUSED_VALUE = YES;
				GCC_WARN_UNUSED_VARIABLE = YES;
				INSTALL_PATH = /usr/local/bin;
				PRODUCT_NAME = growlctl;
				WARNING_CFLAGS = (
					"-W",
					"-Wall",
				);
			};
			dependencies = (
			);
			name = growlctl;
			productInstallPath = "$(HOME)/bin";
			productName = growlctl;
			productReference = 8DD76FA10486AA7600D96B5E /* growlctl */;
			productType = "com.apple.product-type.tool";
		};
/* End PBXNativeTarget section */

/* Begin PBXProject section */
		08FB7793FE84155DC02AAC07 /* Project object */ = {
			isa = PBXProject;
			buildConfigurationList = 95E4A2980855C0C3006B3F45 /* Build configuration list for PBXProject "growlctl" */;
			buildSettings = {
			};
			buildStyles = (
				014CEA4F0018CE4811CA2923 /* Development */,
				014CEA500018CE4811CA2923 /* Deployment */,
				95C359A107F45E34009E0EC2 /* Deployment - Tiger - G4 */,
			);
			hasScannedForEncodings = 1;
			mainGroup = 08FB7794FE84155DC02AAC07 /* growlctl */;
			projectDirPath = "";
			targets = (
				8DD76F960486AA7600D96B5E /* growlctl */,
			);
		};
/* End PBXProject section */

/* Begin PBXShellScriptBuildPhase section */
		07D943BC0816E3CE0089FA0E /* ShellScript */ = {
			isa = PBXShellScriptBuildPhase;
			buildActionMask = 12;
			files = (
			);
			inputPaths = (
			);
			outputPaths = (
				BuildDate.h,
			);
			runOnlyForDeploymentPostprocessing = 0;
			shellPath = /bin/sh;
			shellScript = "date=$(date +'%Y-%m-%d %I:%M:%S %p %Z')\necho \"#define BUILD_DATE \\\"$date\\\"\" > $SRCROOT/BuildDate.h\necho 'BUILD_DATE is '$date\n";
		};
/* End PBXShellScriptBuildPhase section */

/* Begin PBXSourcesBuildPhase section */
		8DD76F990486AA7600D96B5E /* Sources */ = {
			isa = PBXSourcesBuildPhase;
			buildActionMask = 2147483647;
			files = (
				07814E9407F061680046C294 /* GrowlPreferences.m in Sources */,
				9580F7FD0812D54D008FD3BC /* GrowlPathUtil.m in Sources */,
				8DD76F9A0486AA7600D96B5E /* growlctl.m in Sources */,
			);
			runOnlyForDeploymentPostprocessing = 0;
		};
/* End PBXSourcesBuildPhase section */

/* Begin XCBuildConfiguration section */
		95E4A2940855C0C3006B3F45 /* Development */ = {
			isa = XCBuildConfiguration;
			buildSettings = {
				COPY_PHASE_STRIP = NO;
				GCC_C_LANGUAGE_STANDARD = c99;
				GCC_DYNAMIC_NO_PIC = NO;
				GCC_ENABLE_FIX_AND_CONTINUE = YES;
				GCC_GENERATE_DEBUGGING_SYMBOLS = YES;
				GCC_OPTIMIZATION_LEVEL = 0;
				GCC_PRECOMPILE_PREFIX_HEADER = YES;
				GCC_PREFIX_HEADER = growlctl_Prefix.pch;
				GCC_WARN_ABOUT_MISSING_PROTOTYPES = YES;
				GCC_WARN_ABOUT_RETURN_TYPE = YES;
				GCC_WARN_CHECK_SWITCH_STATEMENTS = YES;
				GCC_WARN_INITIALIZER_NOT_FULLY_BRACKETED = YES;
				GCC_WARN_MISSING_PARENTHESES = YES;
				GCC_WARN_SHADOW = YES;
				GCC_WARN_SIGN_COMPARE = YES;
				GCC_WARN_TYPECHECK_CALLS_TO_PRINTF = YES;
				GCC_WARN_UNINITIALIZED_AUTOS = NO;
				GCC_WARN_UNKNOWN_PRAGMAS = YES;
				GCC_WARN_UNUSED_FUNCTION = YES;
				GCC_WARN_UNUSED_LABEL = YES;
				GCC_WARN_UNUSED_VALUE = YES;
				GCC_WARN_UNUSED_VARIABLE = YES;
				INSTALL_PATH = /usr/local/bin;
				MACOSX_DEPLOYMENT_TARGET = 10.3;
				PRODUCT_NAME = growlctl;
				WARNING_CFLAGS = (
					"-W",
					"-Wall",
				);
			};
			name = Development;
		};
		95E4A2950855C0C3006B3F45 /* Deployment */ = {
			isa = XCBuildConfiguration;
			buildSettings = {
				COPY_PHASE_STRIP = YES;
				DEAD_CODE_STRIPPING = YES;
				DEPLOYMENT_POSTPROCESSING = YES;
				GCC_C_LANGUAGE_STANDARD = c99;
				GCC_ENABLE_FIX_AND_CONTINUE = NO;
				GCC_PRECOMPILE_PREFIX_HEADER = YES;
				GCC_PREFIX_HEADER = growlctl_Prefix.pch;
				GCC_WARN_ABOUT_MISSING_PROTOTYPES = YES;
				GCC_WARN_ABOUT_RETURN_TYPE = YES;
				GCC_WARN_CHECK_SWITCH_STATEMENTS = YES;
				GCC_WARN_INITIALIZER_NOT_FULLY_BRACKETED = YES;
				GCC_WARN_MISSING_PARENTHESES = YES;
				GCC_WARN_SHADOW = YES;
				GCC_WARN_SIGN_COMPARE = YES;
				GCC_WARN_TYPECHECK_CALLS_TO_PRINTF = YES;
				GCC_WARN_UNINITIALIZED_AUTOS = YES;
				GCC_WARN_UNKNOWN_PRAGMAS = YES;
				GCC_WARN_UNUSED_FUNCTION = YES;
				GCC_WARN_UNUSED_LABEL = YES;
				GCC_WARN_UNUSED_VALUE = YES;
				GCC_WARN_UNUSED_VARIABLE = YES;
				INSTALL_PATH = /usr/local/bin;
				MACOSX_DEPLOYMENT_TARGET = 10.3;
				PRODUCT_NAME = growlctl;
				WARNING_CFLAGS = (
					"-W",
					"-Wall",
				);
				ZERO_LINK = NO;
			};
			name = Deployment;
		};
		95E4A2960855C0C3006B3F45 /* Deployment - Tiger - G4 */ = {
			isa = XCBuildConfiguration;
			buildSettings = {
				COPY_PHASE_STRIP = YES;
				DEAD_CODE_STRIPPING = YES;
				DEPLOYMENT_POSTPROCESSING = YES;
				GCC_C_LANGUAGE_STANDARD = c99;
				GCC_DEBUGGING_SYMBOLS = full;
				GCC_DYNAMIC_NO_PIC = YES;
				GCC_ENABLE_FIX_AND_CONTINUE = NO;
				GCC_FAST_OBJC_DISPATCH = YES;
				GCC_MODEL_CPU = G4;
				GCC_PRECOMPILE_PREFIX_HEADER = YES;
				GCC_PREFIX_HEADER = growlctl_Prefix.pch;
				GCC_WARN_ABOUT_MISSING_PROTOTYPES = YES;
				GCC_WARN_ABOUT_RETURN_TYPE = YES;
				GCC_WARN_CHECK_SWITCH_STATEMENTS = YES;
				GCC_WARN_INITIALIZER_NOT_FULLY_BRACKETED = YES;
				GCC_WARN_MISSING_PARENTHESES = YES;
				GCC_WARN_SHADOW = YES;
				GCC_WARN_SIGN_COMPARE = YES;
				GCC_WARN_TYPECHECK_CALLS_TO_PRINTF = YES;
				GCC_WARN_UNINITIALIZED_AUTOS = YES;
				GCC_WARN_UNKNOWN_PRAGMAS = YES;
				GCC_WARN_UNUSED_FUNCTION = YES;
				GCC_WARN_UNUSED_LABEL = YES;
				GCC_WARN_UNUSED_VALUE = YES;
				GCC_WARN_UNUSED_VARIABLE = YES;
				INSTALL_PATH = /usr/local/bin;
				MACOSX_DEPLOYMENT_TARGET = 10.4;
				PREBINDING = NO;
				PRODUCT_NAME = growlctl;
				WARNING_CFLAGS = (
					"-W",
					"-Wall",
				);
				ZERO_LINK = NO;
			};
			name = "Deployment - Tiger - G4";
		};
		95E4A2970855C0C3006B3F45 /* Default */ = {
			isa = XCBuildConfiguration;
			buildSettings = {
				GCC_C_LANGUAGE_STANDARD = c99;
				GCC_PRECOMPILE_PREFIX_HEADER = YES;
				GCC_PREFIX_HEADER = growlctl_Prefix.pch;
				GCC_WARN_ABOUT_MISSING_PROTOTYPES = YES;
				GCC_WARN_ABOUT_RETURN_TYPE = YES;
				GCC_WARN_CHECK_SWITCH_STATEMENTS = YES;
				GCC_WARN_INITIALIZER_NOT_FULLY_BRACKETED = YES;
				GCC_WARN_MISSING_PARENTHESES = YES;
				GCC_WARN_SHADOW = YES;
				GCC_WARN_SIGN_COMPARE = YES;
				GCC_WARN_TYPECHECK_CALLS_TO_PRINTF = YES;
				GCC_WARN_UNINITIALIZED_AUTOS = YES;
				GCC_WARN_UNKNOWN_PRAGMAS = YES;
				GCC_WARN_UNUSED_FUNCTION = YES;
				GCC_WARN_UNUSED_LABEL = YES;
				GCC_WARN_UNUSED_VALUE = YES;
				GCC_WARN_UNUSED_VARIABLE = YES;
				INSTALL_PATH = /usr/local/bin;
				PRODUCT_NAME = growlctl;
				WARNING_CFLAGS = (
					"-W",
					"-Wall",
				);
			};
			name = Default;
		};
		95E4A2990855C0C3006B3F45 /* Development */ = {
			isa = XCBuildConfiguration;
			buildSettings = {
			};
			name = Development;
		};
		95E4A29A0855C0C3006B3F45 /* Deployment */ = {
			isa = XCBuildConfiguration;
			buildSettings = {
			};
			name = Deployment;
		};
		95E4A29B0855C0C3006B3F45 /* Deployment - Tiger - G4 */ = {
			isa = XCBuildConfiguration;
			buildSettings = {
			};
			name = "Deployment - Tiger - G4";
		};
		95E4A29C0855C0C3006B3F45 /* Default */ = {
			isa = XCBuildConfiguration;
			buildSettings = {
			};
			name = Default;
		};
/* End XCBuildConfiguration section */

/* Begin XCConfigurationList section */
		95E4A2930855C0C3006B3F45 /* Build configuration list for PBXNativeTarget "growlctl" */ = {
			isa = XCConfigurationList;
			buildConfigurations = (
				95E4A2940855C0C3006B3F45 /* Development */,
				95E4A2950855C0C3006B3F45 /* Deployment */,
				95E4A2960855C0C3006B3F45 /* Deployment - Tiger - G4 */,
				95E4A2970855C0C3006B3F45 /* Default */,
			);
			defaultConfigurationIsVisible = 0;
			defaultConfigurationName = Default;
		};
		95E4A2980855C0C3006B3F45 /* Build configuration list for PBXProject "growlctl" */ = {
			isa = XCConfigurationList;
			buildConfigurations = (
				95E4A2990855C0C3006B3F45 /* Development */,
				95E4A29A0855C0C3006B3F45 /* Deployment */,
				95E4A29B0855C0C3006B3F45 /* Deployment - Tiger - G4 */,
				95E4A29C0855C0C3006B3F45 /* Default */,
			);
			defaultConfigurationIsVisible = 0;
			defaultConfigurationName = Default;
		};
/* End XCConfigurationList section */
	};
	rootObject = 08FB7793FE84155DC02AAC07 /* Project object */;
}
